
Microsoft Visual Studio Solution File, Format Version 12.00
# Visual Studio Version 17
VisualStudioVersion = 17.8.34322.80
MinimumVisualStudioVersion = 10.0.40219.1
Project("{FAE04EC0-301F-11D3-BF4B-00C04F79EFBC}") = "MongoDB_EF", "MongoDB_EF\MongoDB_EF.csproj", "{D17C3002-DC66-4038-B8FA-55F08735757A}"
EndProject
Project("{FAE04EC0-301F-11D3-BF4B-00C04F79EFBC}") = "MongoDataAccess", "MongoDataAccess\MongoDataAccess.csproj", "{192EE5AB-EB1E-4C58-B330-23C373A143E7}"
EndProject
Global
	GlobalSection(SolutionConfigurationPlatforms) = preSolution
		Debug|Any CPU = Debug|Any CPU
		Release|Any CPU = Release|Any CPU
	EndGlobalSection
	GlobalSection(ProjectConfigurationPlatforms) = postSolution
		{D17C3002-DC66-4038-B8FA-55F08735757A}.Debug|Any CPU.ActiveCfg = Debug|Any CPU
		{D17C3002-DC66-4038-B8FA-55F08735757A}.Debug|Any CPU.Build.0 = Debug|Any CPU
		{D17C3002-DC66-4038-B8FA-55F08735757A}.Release|Any CPU.ActiveCfg = Release|Any CPU
		{D17C3002-DC66-4038-B8FA-55F08735757A}.Release|Any CPU.Build.0 = Release|Any CPU
		{192EE5AB-EB1E-4C58-B330-23C373A143E7}.Debug|Any CPU.ActiveCfg = Debug|Any CPU
		{192EE5AB-EB1E-4C58-B330-23C373A143E7}.Debug|Any CPU.Build.0 = Debug|Any CPU
		{192EE5AB-EB1E-4C58-B330-23C373A143E7}.Release|Any CPU.ActiveCfg = Release|Any CPU
		{192EE5AB-EB1E-4C58-B330-23C373A143E7}.Release|Any CPU.Build.0 = Release|Any CPU
	EndGlobalSection
	GlobalSection(SolutionProperties) = preSolution
		HideSolutionNode = FALSE
	EndGlobalSection
	GlobalSection(ExtensibilityGlobals) = postSolution
		SolutionGuid = {01B2A069-5DDD-48BB-9589-7175B5D15D60}
	EndGlobalSection
EndGlobal
